
Microsoft Visual Studio Solution File, Format Version 12.00
# Visual Studio Version 17
VisualStudioVersion = 17.13.35828.75 d17.13
MinimumVisualStudioVersion = 10.0.40219.1
Project("{FAE04EC0-301F-11D3-BF4B-00C04F79EFBC}") = "Ice Task 3", "Ice Task 3\Ice Task 3.csproj", "{63398E17-FAB0-41FE-8007-485416D7F97A}"
EndProject
Global
	GlobalSection(SolutionConfigurationPlatforms) = preSolution
		Debug|Any CPU = Debug|Any CPU
		Release|Any CPU = Release|Any CPU
	EndGlobalSection
	GlobalSection(ProjectConfigurationPlatforms) = postSolution
		{63398E17-FAB0-41FE-8007-485416D7F97A}.Debug|Any CPU.ActiveCfg = Debug|Any CPU
		{63398E17-FAB0-41FE-8007-485416D7F97A}.Debug|Any CPU.Build.0 = Debug|Any CPU
		{63398E17-FAB0-41FE-8007-485416D7F97A}.Release|Any CPU.ActiveCfg = Release|Any CPU
		{63398E17-FAB0-41FE-8007-485416D7F97A}.Release|Any CPU.Build.0 = Release|Any CPU
	EndGlobalSection
	GlobalSection(SolutionProperties) = preSolution
		HideSolutionNode = FALSE
	EndGlobalSection
	GlobalSection(ExtensibilityGlobals) = postSolution
		SolutionGuid = {63BDD282-44EA-4FBE-8B51-13DDE6565C41}
	EndGlobalSection
EndGlobal
